
Microsoft Visual Studio Solution File, Format Version 12.00
# Visual Studio Version 16
VisualStudioVersion = 16.0.29519.87
MinimumVisualStudioVersion = 10.0.40219.1
Project("{9A19103F-16F7-4668-BE54-9A1E7A4F7556}") = "CakeToolBox.Path", "CakeToolBox.Path\CakeToolBox.Path.csproj", "{5C86BB7D-5175-42EB-9AF7-D1FF55688CCE}"
EndProject
Project("{2150E333-8FDC-42A3-9474-1A3956D46DE8}") = "Solution Items", "Solution Items", "{0B63BA49-9B46-4637-8D0D-BFC747B8764F}"
	ProjectSection(SolutionItems) = preProject
		.gitignore = .gitignore
		build.cake = build.cake
		LICENSE = LICENSE
		README.md = README.md
	EndProjectSection
EndProject
Project("{9A19103F-16F7-4668-BE54-9A1E7A4F7556}") = "CakeToolBox.Parameters", "CakeToolBox.Parameters\CakeToolBox.Parameters.csproj", "{7C3FF44E-FA6B-491E-8821-CEFE89C9AC1B}"
EndProject
Project("{9A19103F-16F7-4668-BE54-9A1E7A4F7556}") = "CakeToolBox.Parameters.Tests", "CakeToolBox.Parameters.Tests\CakeToolBox.Parameters.Tests.csproj", "{8A9189FD-9F72-4B20-952C-FA072C7FB1FD}"
EndProject
Project("{9A19103F-16F7-4668-BE54-9A1E7A4F7556}") = "CakeToolBox.Path.Tests", "CakeToolBox.Path.Tests\CakeToolBox.Path.Tests.csproj", "{2B1C1B05-0ECE-4A39-9A39-F65008AB14F4}"
EndProject
Project("{FAE04EC0-301F-11D3-BF4B-00C04F79EFBC}") = "CakeToolBox.Internal", "CakeToolBox.Internal\CakeToolBox.Internal.csproj", "{5D55CBEF-23E3-47FA-B291-EEBE3A4B791C}"
EndProject
Project("{FAE04EC0-301F-11D3-BF4B-00C04F79EFBC}") = "CakeToolBox.Internal.Tests", "CakeToolBox.Internal.Tests\CakeToolBox.Internal.Tests.csproj", "{1DC00C5F-10FA-4DBF-B919-D5DC7B584921}"
EndProject
Project("{FAE04EC0-301F-11D3-BF4B-00C04F79EFBC}") = "CakeToolBox.Environment", "CakeToolBox.Environment\CakeToolBox.Environment.csproj", "{C0914613-CB87-4188-8A76-B89BF968C853}"
EndProject
Global
	GlobalSection(SolutionConfigurationPlatforms) = preSolution
		Debug|Any CPU = Debug|Any CPU
		Release|Any CPU = Release|Any CPU
	EndGlobalSection
	GlobalSection(ProjectConfigurationPlatforms) = postSolution
		{5C86BB7D-5175-42EB-9AF7-D1FF55688CCE}.Debug|Any CPU.ActiveCfg = Debug|Any CPU
		{5C86BB7D-5175-42EB-9AF7-D1FF55688CCE}.Debug|Any CPU.Build.0 = Debug|Any CPU
		{5C86BB7D-5175-42EB-9AF7-D1FF55688CCE}.Release|Any CPU.ActiveCfg = Release|Any CPU
		{5C86BB7D-5175-42EB-9AF7-D1FF55688CCE}.Release|Any CPU.Build.0 = Release|Any CPU
		{7C3FF44E-FA6B-491E-8821-CEFE89C9AC1B}.Debug|Any CPU.ActiveCfg = Debug|Any CPU
		{7C3FF44E-FA6B-491E-8821-CEFE89C9AC1B}.Debug|Any CPU.Build.0 = Debug|Any CPU
		{7C3FF44E-FA6B-491E-8821-CEFE89C9AC1B}.Release|Any CPU.ActiveCfg = Release|Any CPU
		{7C3FF44E-FA6B-491E-8821-CEFE89C9AC1B}.Release|Any CPU.Build.0 = Release|Any CPU
		{8A9189FD-9F72-4B20-952C-FA072C7FB1FD}.Debug|Any CPU.ActiveCfg = Debug|Any CPU
		{8A9189FD-9F72-4B20-952C-FA072C7FB1FD}.Debug|Any CPU.Build.0 = Debug|Any CPU
		{8A9189FD-9F72-4B20-952C-FA072C7FB1FD}.Release|Any CPU.ActiveCfg = Release|Any CPU
		{8A9189FD-9F72-4B20-952C-FA072C7FB1FD}.Release|Any CPU.Build.0 = Release|Any CPU
		{2B1C1B05-0ECE-4A39-9A39-F65008AB14F4}.Debug|Any CPU.ActiveCfg = Debug|Any CPU
		{2B1C1B05-0ECE-4A39-9A39-F65008AB14F4}.Debug|Any CPU.Build.0 = Debug|Any CPU
		{2B1C1B05-0ECE-4A39-9A39-F65008AB14F4}.Release|Any CPU.ActiveCfg = Release|Any CPU
		{2B1C1B05-0ECE-4A39-9A39-F65008AB14F4}.Release|Any CPU.Build.0 = Release|Any CPU
		{5D55CBEF-23E3-47FA-B291-EEBE3A4B791C}.Debug|Any CPU.ActiveCfg = Debug|Any CPU
		{5D55CBEF-23E3-47FA-B291-EEBE3A4B791C}.Debug|Any CPU.Build.0 = Debug|Any CPU
		{5D55CBEF-23E3-47FA-B291-EEBE3A4B791C}.Release|Any CPU.ActiveCfg = Release|Any CPU
		{5D55CBEF-23E3-47FA-B291-EEBE3A4B791C}.Release|Any CPU.Build.0 = Release|Any CPU
		{1DC00C5F-10FA-4DBF-B919-D5DC7B584921}.Debug|Any CPU.ActiveCfg = Debug|Any CPU
		{1DC00C5F-10FA-4DBF-B919-D5DC7B584921}.Debug|Any CPU.Build.0 = Debug|Any CPU
		{1DC00C5F-10FA-4DBF-B919-D5DC7B584921}.Release|Any CPU.ActiveCfg = Release|Any CPU
		{1DC00C5F-10FA-4DBF-B919-D5DC7B584921}.Release|Any CPU.Build.0 = Release|Any CPU
		{C0914613-CB87-4188-8A76-B89BF968C853}.Debug|Any CPU.ActiveCfg = Debug|Any CPU
		{C0914613-CB87-4188-8A76-B89BF968C853}.Debug|Any CPU.Build.0 = Debug|Any CPU
		{C0914613-CB87-4188-8A76-B89BF968C853}.Release|Any CPU.ActiveCfg = Release|Any CPU
		{C0914613-CB87-4188-8A76-B89BF968C853}.Release|Any CPU.Build.0 = Release|Any CPU
	EndGlobalSection
	GlobalSection(SolutionProperties) = preSolution
		HideSolutionNode = FALSE
	EndGlobalSection
	GlobalSection(ExtensibilityGlobals) = postSolution
		SolutionGuid = {D94FC054-7F39-411A-B79E-CD667633FBE1}
	EndGlobalSection
EndGlobal
